
Microsoft Visual Studio Solution File, Format Version 12.00
# Visual Studio 15
VisualStudioVersion = 15.0.27130.2027
MinimumVisualStudioVersion = 10.0.40219.1
Project("{FAE04EC0-301F-11D3-BF4B-00C04F79EFBC}") = "IssueTicketingSystem", "IssueTicketingSystem\IssueTicketingSystem.csproj", "{A1BEB7B2-453E-4F11-BA00-ECB2F823F452}"
EndProject
Project("{FAE04EC0-301F-11D3-BF4B-00C04F79EFBC}") = "GenericCSR", "GenericCSR\GenericCSR.csproj", "{3E558B58-D5AB-4590-9A09-D9CD5D15C825}"
EndProject
Global
	GlobalSection(SolutionConfigurationPlatforms) = preSolution
		Debug|Any CPU = Debug|Any CPU
		Release|Any CPU = Release|Any CPU
	EndGlobalSection
	GlobalSection(ProjectConfigurationPlatforms) = postSolution
		{A1BEB7B2-453E-4F11-BA00-ECB2F823F452}.Debug|Any CPU.ActiveCfg = Debug|Any CPU
		{A1BEB7B2-453E-4F11-BA00-ECB2F823F452}.Debug|Any CPU.Build.0 = Debug|Any CPU
		{A1BEB7B2-453E-4F11-BA00-ECB2F823F452}.Release|Any CPU.ActiveCfg = Release|Any CPU
		{A1BEB7B2-453E-4F11-BA00-ECB2F823F452}.Release|Any CPU.Build.0 = Release|Any CPU
		{3E558B58-D5AB-4590-9A09-D9CD5D15C825}.Debug|Any CPU.ActiveCfg = Debug|Any CPU
		{3E558B58-D5AB-4590-9A09-D9CD5D15C825}.Debug|Any CPU.Build.0 = Debug|Any CPU
		{3E558B58-D5AB-4590-9A09-D9CD5D15C825}.Release|Any CPU.ActiveCfg = Release|Any CPU
		{3E558B58-D5AB-4590-9A09-D9CD5D15C825}.Release|Any CPU.Build.0 = Release|Any CPU
	EndGlobalSection
	GlobalSection(SolutionProperties) = preSolution
		HideSolutionNode = FALSE
	EndGlobalSection
	GlobalSection(ExtensibilityGlobals) = postSolution
		SolutionGuid = {36F488DF-9F12-40EF-BCC8-A886FD7A63FC}
	EndGlobalSection
EndGlobal
